{
  "meteor": {},
  "dependencies": {
    "basePackages": {
      "kinetic.js": {},
      "bower": {},
      "lodash": {}
    },
    "packages": {
      "kinetic.js": {
        "git": "https://github.com/brentjanderson/meteor-kinetic.git",
        "tag": "v5.0.1",
        "commit": "3c29f5bcbcdc9687081b336e59e8387dc02236a5"
      },
      "bower": {
        "git": "https://github.com/mquandalle/meteor-bower.git",
        "tag": "v0.1.7",
        "commit": "017d0b0a0b30e37ffaa9bc7026ee09ee7c94ebe1"
      },
      "lodash": {
        "git": "https://github.com/alethes/meteor-lodash.git",
        "tag": "v0.7.1",
        "commit": "57bbeb3e21c31b64641f9885bb2f390b84f8b925"
      }
    }
  }
}
